Microsoft Visual Studio Solution File, Format Version 12.00
# Visual Studio Version 17
VisualStudioVersion = 17.11.35327.3
MinimumVisualStudioVersion = 10.0.40219.1
Project("{2150E333-8FDC-42A3-9474-1A3956D46DE8}") = "infra", "infra", "{29CA49A7-E513-4ED3-BD53-FB121905EF9C}"
	ProjectSection(SolutionItems) = preProject
		infra\build.tf = infra\build.tf
		infra\main.tf = infra\main.tf
		infra\provider.tf = infra\provider.tf
	EndProjectSection
EndProject
Project("{9A19103F-16F7-4668-BE54-9A1E7A4F7556}") = "lambdaValidarUsuario", "lambdaValidarUsuario\lambdaValidarUsuario.csproj", "{36ADAC4B-7B93-4ACD-85B0-BCF3EE9BBC9D}"
EndProject
Project("{9A19103F-16F7-4668-BE54-9A1E7A4F7556}") = "lambdaValidarUsuario.Tests", "lambdaValidarUsuario.Tests\lambdaValidarUsuario.Tests.csproj", "{D2CCCC04-C564-42CA-AD0B-4BC47F23ECD2}"
EndProject
Project("{2150E333-8FDC-42A3-9474-1A3956D46DE8}") = ".github", ".github", "{DFD826FA-F9E7-4D83-A1EB-64523B6D82F0}"
EndProject
Project("{2150E333-8FDC-42A3-9474-1A3956D46DE8}") = "workflows", "workflows", "{30749EC8-FB7B-4EC2-8A55-40B216A8FF43}"
	ProjectSection(SolutionItems) = preProject
		.github\workflows\deploy.yaml = .github\workflows\deploy.yaml
	EndProjectSection
EndProject
Project("{2150E333-8FDC-42A3-9474-1A3956D46DE8}") = "publish", "publish", "{F44DB5D6-D841-4F4D-A9EB-BE82FD85FCC3}"
EndProject
Global
	GlobalSection(SolutionConfigurationPlatforms) = preSolution
		Debug|Any CPU = Debug|Any CPU
		Release|Any CPU = Release|Any CPU
	EndGlobalSection
	GlobalSection(ProjectConfigurationPlatforms) = postSolution
		{36ADAC4B-7B93-4ACD-85B0-BCF3EE9BBC9D}.Debug|Any CPU.ActiveCfg = Debug|Any CPU
		{36ADAC4B-7B93-4ACD-85B0-BCF3EE9BBC9D}.Debug|Any CPU.Build.0 = Debug|Any CPU
		{36ADAC4B-7B93-4ACD-85B0-BCF3EE9BBC9D}.Release|Any CPU.ActiveCfg = Release|Any CPU
		{36ADAC4B-7B93-4ACD-85B0-BCF3EE9BBC9D}.Release|Any CPU.Build.0 = Release|Any CPU
		{D2CCCC04-C564-42CA-AD0B-4BC47F23ECD2}.Debug|Any CPU.ActiveCfg = Debug|Any CPU
		{D2CCCC04-C564-42CA-AD0B-4BC47F23ECD2}.Debug|Any CPU.Build.0 = Debug|Any CPU
		{D2CCCC04-C564-42CA-AD0B-4BC47F23ECD2}.Release|Any CPU.ActiveCfg = Release|Any CPU
		{D2CCCC04-C564-42CA-AD0B-4BC47F23ECD2}.Release|Any CPU.Build.0 = Release|Any CPU
	EndGlobalSection
	GlobalSection(SolutionProperties) = preSolution
		HideSolutionNode = FALSE
	EndGlobalSection
	GlobalSection(NestedProjects) = preSolution
		{30749EC8-FB7B-4EC2-8A55-40B216A8FF43} = {DFD826FA-F9E7-4D83-A1EB-64523B6D82F0}
	EndGlobalSection
	GlobalSection(ExtensibilityGlobals) = postSolution
		SolutionGuid = {054D77E5-C4C1-4E3A-96A1-928418C8D8B8}
	EndGlobalSection
EndGlobal
